Microsoft Visual Studio Solution File, Format Version 11.00
# Visual Studio 2008

Project("{FE0707CC-476F-A27A-1750-8867B2B95D14}") = "Cow", "Assembly-CSharp.csproj", "{F7F4C4A4-A6B9-ADE0-5E38-40853D3D477A}"
EndProject
Global
	GlobalSection(SolutionConfigurationPlatforms) = preSolution
		Debug|Any CPU = Debug|Any CPU
		Release|Any CPU = Release|Any CPU
	EndGlobalSection
	GlobalSection(ProjectConfigurationPlatforms) = postSolution
		{F7F4C4A4-A6B9-ADE0-5E38-40853D3D477A}.Debug|Any CPU.ActiveCfg = Debug|Any CPU
		{F7F4C4A4-A6B9-ADE0-5E38-40853D3D477A}.Debug|Any CPU.Build.0 = Debug|Any CPU
		{F7F4C4A4-A6B9-ADE0-5E38-40853D3D477A}.Release|Any CPU.ActiveCfg = Release|Any CPU
		{F7F4C4A4-A6B9-ADE0-5E38-40853D3D477A}.Release|Any CPU.Build.0 = Release|Any CPU
	EndGlobalSection
	GlobalSection(SolutionProperties) = preSolution
		HideSolutionNode = FALSE
	EndGlobalSection
					GlobalSection(MonoDevelopProperties) = preSolution
		StartupItem = Assembly-CSharp.csproj
		Policies = $0
		$0.TextStylePolicy = $1
		$1.inheritsSet = null
		$1.scope = text/x-csharp
		$0.CSharpFormattingPolicy = $2
		$2.inheritsSet = Mono
		$2.inheritsScope = text/x-csharp
		$2.scope = text/x-csharp
		$0.TextStylePolicy = $3
		$3.FileWidth = 120
		$3.TabWidth = 4
		$3.IndentWidth = 4
		$3.EolMarker = Unix
		$3.inheritsSet = Mono
		$3.inheritsScope = text/plain
		$3.scope = text/plain
	EndGlobalSection

EndGlobal
